{
    "name": "es-webpack-engine",
    "version": "1.0.0",
    "lockfileVersion": 1,
    "requires": true,
    "dependencies": {
        "debug": {
            "version": "2.6.9",
            "resolved": "http://registry.npm.taobao.org/debug/download/debug-2.6.9.tgz",
            "integrity": "sha1-XRKFFd8TT/Mn6QpMk/Tgd6U2NB8=",
            "requires": {
                "ms": "2.0.0"
            }
        },
        "is-typedarray": {
            "version": "1.0.0",
            "resolved": "http://registry.npm.taobao.org/is-typedarray/download/is-typedarray-1.0.0.tgz",
            "integrity": "sha1-5HnICFjfDBsR3dppQPlgEfzaSpo="
        },
        "ms": {
            "version": "2.0.0",
            "resolved": "http://registry.npm.taobao.org/ms/download/ms-2.0.0.tgz",
            "integrity": "sha1-VgiurfwAvmwpAd9fmGF4jeDVl8g="
        },
        "nan": {
            "version": "2.10.0",
            "resolved": "http://registry.npm.taobao.org/nan/download/nan-2.10.0.tgz",
            "integrity": "sha1-ltDNYQ69WNS03pzAxoKM2pnHVI8="
        },
        "typedarray-to-buffer": {
            "version": "3.1.5",
            "resolved": "http://registry.npm.taobao.org/typedarray-to-buffer/download/typedarray-to-buffer-3.1.5.tgz",
            "integrity": "sha1-qX7nqf9CaRufeD/xvFES/j/KkIA=",
            "requires": {
                "is-typedarray": "1.0.0"
            }
        },
        "websocket": {
            "version": "1.0.25",
            "resolved": "http://registry.npm.taobao.org/websocket/download/websocket-1.0.25.tgz",
            "integrity": "sha1-mY7HkPCj6suLCLUKQ1ACZpKhGVg=",
            "requires": {
                "debug": "2.6.9",
                "nan": "2.10.0",
                "typedarray-to-buffer": "3.1.5",
                "yaeti": "0.0.6"
            }
        },
        "yaeti": {
            "version": "0.0.6",
            "resolved": "http://registry.npm.taobao.org/yaeti/download/yaeti-0.0.6.tgz",
            "integrity": "sha1-8m9ITXJoTPQr7ft2lwqhYI+/lXc="
        }
    }
}
